
Microsoft Visual Studio Solution File, Format Version 12.00
# Visual Studio Version 17
VisualStudioVersion = 17.8.34511.84
MinimumVisualStudioVersion = 10.0.40219.1
Project("{9A19103F-16F7-4668-BE54-9A1E7A4F7556}") = "DestinationApi", "DestinationApi.csproj", "{6F46C8E8-1E30-411F-B95A-66170B882680}"
EndProject
Global
	GlobalSection(SolutionConfigurationPlatforms) = preSolution
		Debug|Any CPU = Debug|Any CPU
		Release|Any CPU = Release|Any CPU
	EndGlobalSection
	GlobalSection(ProjectConfigurationPlatforms) = postSolution
		{6F46C8E8-1E30-411F-B95A-66170B882680}.Debug|Any CPU.ActiveCfg = Debug|Any CPU
		{6F46C8E8-1E30-411F-B95A-66170B882680}.Debug|Any CPU.Build.0 = Debug|Any CPU
		{6F46C8E8-1E30-411F-B95A-66170B882680}.Release|Any CPU.ActiveCfg = Release|Any CPU
		{6F46C8E8-1E30-411F-B95A-66170B882680}.Release|Any CPU.Build.0 = Release|Any CPU
	EndGlobalSection
	GlobalSection(SolutionProperties) = preSolution
		HideSolutionNode = FALSE
	EndGlobalSection
	GlobalSection(ExtensibilityGlobals) = postSolution
		SolutionGuid = {98518556-2C66-46D4-8E67-7F5DA6B5B8ED}
	EndGlobalSection
EndGlobal
